
Microsoft Visual Studio Solution File, Format Version 12.00
# Visual Studio Version 17
VisualStudioVersion = 17.0.31903.59
MinimumVisualStudioVersion = 10.0.40219.1
Project("{2150E333-8FDC-42A3-9474-1A3956D46DE8}") = "src", "src", "{827E0CD3-B72D-47B6-A68D-7590B98EB39B}"
EndProject
Project("{FAE04EC0-301F-11D3-BF4B-00C04F79EFBC}") = "StokTakip.Domain", "src\StokTakip.Domain\StokTakip.Domain.csproj", "{A170041F-6CB4-4EA4-B967-B2188A761D11}"
EndProject
Project("{FAE04EC0-301F-11D3-BF4B-00C04F79EFBC}") = "StokTakip.Application", "src\StokTakip.Application\StokTakip.Application.csproj", "{529A51A1-C29F-4E99-BC0F-DD3AFC1690A4}"
EndProject
Project("{FAE04EC0-301F-11D3-BF4B-00C04F79EFBC}") = "StokTakip.Infrastructure", "src\StokTakip.Infrastructure\StokTakip.Infrastructure.csproj", "{DCEC8774-9D33-41D2-B1CA-4CA83095D3AF}"
EndProject
Project("{FAE04EC0-301F-11D3-BF4B-00C04F79EFBC}") = "StokTakip.Api", "src\StokTakip.Api\StokTakip.Api.csproj", "{6F60F8F1-5323-4B69-899B-BC8CBC26B2AA}"
EndProject
Global
	GlobalSection(SolutionConfigurationPlatforms) = preSolution
		Debug|Any CPU = Debug|Any CPU
		Debug|x64 = Debug|x64
		Debug|x86 = Debug|x86
		Release|Any CPU = Release|Any CPU
		Release|x64 = Release|x64
		Release|x86 = Release|x86
	EndGlobalSection
	GlobalSection(ProjectConfigurationPlatforms) = postSolution
		{A170041F-6CB4-4EA4-B967-B2188A761D11}.Debug|Any CPU.ActiveCfg = Debug|Any CPU
		{A170041F-6CB4-4EA4-B967-B2188A761D11}.Debug|Any CPU.Build.0 = Debug|Any CPU
		{A170041F-6CB4-4EA4-B967-B2188A761D11}.Debug|x64.ActiveCfg = Debug|Any CPU
		{A170041F-6CB4-4EA4-B967-B2188A761D11}.Debug|x64.Build.0 = Debug|Any CPU
		{A170041F-6CB4-4EA4-B967-B2188A761D11}.Debug|x86.ActiveCfg = Debug|Any CPU
		{A170041F-6CB4-4EA4-B967-B2188A761D11}.Debug|x86.Build.0 = Debug|Any CPU
		{A170041F-6CB4-4EA4-B967-B2188A761D11}.Release|Any CPU.ActiveCfg = Release|Any CPU
		{A170041F-6CB4-4EA4-B967-B2188A761D11}.Release|Any CPU.Build.0 = Release|Any CPU
		{A170041F-6CB4-4EA4-B967-B2188A761D11}.Release|x64.ActiveCfg = Release|Any CPU
		{A170041F-6CB4-4EA4-B967-B2188A761D11}.Release|x64.Build.0 = Release|Any CPU
		{A170041F-6CB4-4EA4-B967-B2188A761D11}.Release|x86.ActiveCfg = Release|Any CPU
		{A170041F-6CB4-4EA4-B967-B2188A761D11}.Release|x86.Build.0 = Release|Any CPU
		{529A51A1-C29F-4E99-BC0F-DD3AFC1690A4}.Debug|Any CPU.ActiveCfg = Debug|Any CPU
		{529A51A1-C29F-4E99-BC0F-DD3AFC1690A4}.Debug|Any CPU.Build.0 = Debug|Any CPU
		{529A51A1-C29F-4E99-BC0F-DD3AFC1690A4}.Debug|x64.ActiveCfg = Debug|Any CPU
		{529A51A1-C29F-4E99-BC0F-DD3AFC1690A4}.Debug|x64.Build.0 = Debug|Any CPU
		{529A51A1-C29F-4E99-BC0F-DD3AFC1690A4}.Debug|x86.ActiveCfg = Debug|Any CPU
		{529A51A1-C29F-4E99-BC0F-DD3AFC1690A4}.Debug|x86.Build.0 = Debug|Any CPU
		{529A51A1-C29F-4E99-BC0F-DD3AFC1690A4}.Release|Any CPU.ActiveCfg = Release|Any CPU
		{529A51A1-C29F-4E99-BC0F-DD3AFC1690A4}.Release|Any CPU.Build.0 = Release|Any CPU
		{529A51A1-C29F-4E99-BC0F-DD3AFC1690A4}.Release|x64.ActiveCfg = Release|Any CPU
		{529A51A1-C29F-4E99-BC0F-DD3AFC1690A4}.Release|x64.Build.0 = Release|Any CPU
		{529A51A1-C29F-4E99-BC0F-DD3AFC1690A4}.Release|x86.ActiveCfg = Release|Any CPU
		{529A51A1-C29F-4E99-BC0F-DD3AFC1690A4}.Release|x86.Build.0 = Release|Any CPU
		{DCEC8774-9D33-41D2-B1CA-4CA83095D3AF}.Debug|Any CPU.ActiveCfg = Debug|Any CPU
		{DCEC8774-9D33-41D2-B1CA-4CA83095D3AF}.Debug|Any CPU.Build.0 = Debug|Any CPU
		{DCEC8774-9D33-41D2-B1CA-4CA83095D3AF}.Debug|x64.ActiveCfg = Debug|Any CPU
		{DCEC8774-9D33-41D2-B1CA-4CA83095D3AF}.Debug|x64.Build.0 = Debug|Any CPU
		{DCEC8774-9D33-41D2-B1CA-4CA83095D3AF}.Debug|x86.ActiveCfg = Debug|Any CPU
		{DCEC8774-9D33-41D2-B1CA-4CA83095D3AF}.Debug|x86.Build.0 = Debug|Any CPU
		{DCEC8774-9D33-41D2-B1CA-4CA83095D3AF}.Release|Any CPU.ActiveCfg = Release|Any CPU
		{DCEC8774-9D33-41D2-B1CA-4CA83095D3AF}.Release|Any CPU.Build.0 = Release|Any CPU
		{DCEC8774-9D33-41D2-B1CA-4CA83095D3AF}.Release|x64.ActiveCfg = Release|Any CPU
		{DCEC8774-9D33-41D2-B1CA-4CA83095D3AF}.Release|x64.Build.0 = Release|Any CPU
		{DCEC8774-9D33-41D2-B1CA-4CA83095D3AF}.Release|x86.ActiveCfg = Release|Any CPU
		{DCEC8774-9D33-41D2-B1CA-4CA83095D3AF}.Release|x86.Build.0 = Release|Any CPU
		{6F60F8F1-5323-4B69-899B-BC8CBC26B2AA}.Debug|Any CPU.ActiveCfg = Debug|Any CPU
		{6F60F8F1-5323-4B69-899B-BC8CBC26B2AA}.Debug|Any CPU.Build.0 = Debug|Any CPU
		{6F60F8F1-5323-4B69-899B-BC8CBC26B2AA}.Debug|x64.ActiveCfg = Debug|Any CPU
		{6F60F8F1-5323-4B69-899B-BC8CBC26B2AA}.Debug|x64.Build.0 = Debug|Any CPU
		{6F60F8F1-5323-4B69-899B-BC8CBC26B2AA}.Debug|x86.ActiveCfg = Debug|Any CPU
		{6F60F8F1-5323-4B69-899B-BC8CBC26B2AA}.Debug|x86.Build.0 = Debug|Any CPU
		{6F60F8F1-5323-4B69-899B-BC8CBC26B2AA}.Release|Any CPU.ActiveCfg = Release|Any CPU
		{6F60F8F1-5323-4B69-899B-BC8CBC26B2AA}.Release|Any CPU.Build.0 = Release|Any CPU
		{6F60F8F1-5323-4B69-899B-BC8CBC26B2AA}.Release|x64.ActiveCfg = Release|Any CPU
		{6F60F8F1-5323-4B69-899B-BC8CBC26B2AA}.Release|x64.Build.0 = Release|Any CPU
		{6F60F8F1-5323-4B69-899B-BC8CBC26B2AA}.Release|x86.ActiveCfg = Release|Any CPU
		{6F60F8F1-5323-4B69-899B-BC8CBC26B2AA}.Release|x86.Build.0 = Release|Any CPU
	EndGlobalSection
	GlobalSection(SolutionProperties) = preSolution
		HideSolutionNode = FALSE
	EndGlobalSection
	GlobalSection(NestedProjects) = preSolution
		{A170041F-6CB4-4EA4-B967-B2188A761D11} = {827E0CD3-B72D-47B6-A68D-7590B98EB39B}
		{529A51A1-C29F-4E99-BC0F-DD3AFC1690A4} = {827E0CD3-B72D-47B6-A68D-7590B98EB39B}
		{DCEC8774-9D33-41D2-B1CA-4CA83095D3AF} = {827E0CD3-B72D-47B6-A68D-7590B98EB39B}
		{6F60F8F1-5323-4B69-899B-BC8CBC26B2AA} = {827E0CD3-B72D-47B6-A68D-7590B98EB39B}
	EndGlobalSection
EndGlobal
